
Microsoft Visual Studio Solution File, Format Version 12.00
# Visual Studio Version 17
VisualStudioVersion = 17.0.31903.59
MinimumVisualStudioVersion = 10.0.40219.1
Project("{9A19103F-16F7-4668-BE54-9A1E7A4F7556}") = "AutoPipeline", "source\AutoPipeline\AutoPipeline.csproj", "{A7AE9623-CCA9-4617-A316-78AA1AEAC601}"
EndProject
Project("{9A19103F-16F7-4668-BE54-9A1E7A4F7556}") = "AutoPipeline.Example", "example\AutoPipeline.Example.csproj", "{EADAFD66-9BE9-43BF-9271-BF0227728B44}"
EndProject
Global
	GlobalSection(SolutionConfigurationPlatforms) = preSolution
		Debug|Any CPU = Debug|Any CPU
		Release|Any CPU = Release|Any CPU
	EndGlobalSection
	GlobalSection(ProjectConfigurationPlatforms) = postSolution
		{A7AE9623-CCA9-4617-A316-78AA1AEAC601}.Debug|Any CPU.ActiveCfg = Debug|Any CPU
		{A7AE9623-CCA9-4617-A316-78AA1AEAC601}.Debug|Any CPU.Build.0 = Debug|Any CPU
		{A7AE9623-CCA9-4617-A316-78AA1AEAC601}.Release|Any CPU.ActiveCfg = Release|Any CPU
		{A7AE9623-CCA9-4617-A316-78AA1AEAC601}.Release|Any CPU.Build.0 = Release|Any CPU
		{EADAFD66-9BE9-43BF-9271-BF0227728B44}.Debug|Any CPU.ActiveCfg = Debug|Any CPU
		{EADAFD66-9BE9-43BF-9271-BF0227728B44}.Debug|Any CPU.Build.0 = Debug|Any CPU
		{EADAFD66-9BE9-43BF-9271-BF0227728B44}.Release|Any CPU.ActiveCfg = Release|Any CPU
		{EADAFD66-9BE9-43BF-9271-BF0227728B44}.Release|Any CPU.Build.0 = Release|Any CPU
	EndGlobalSection
	GlobalSection(SolutionProperties) = preSolution
		HideSolutionNode = FALSE
	EndGlobalSection
	GlobalSection(ExtensibilityGlobals) = postSolution
		SolutionGuid = {E2709E81-7DAA-415A-A761-6BE9CC85224B}
	EndGlobalSection
EndGlobal
